
Microsoft Visual Studio Solution File, Format Version 12.00
# Visual Studio Version 16
VisualStudioVersion = 16.0.29613.14
MinimumVisualStudioVersion = 10.0.40219.1
Project("{FAE04EC0-301F-11D3-BF4B-00C04F79EFBC}") = "CSVreader", "CSVreader\CSVreader.csproj", "{81C0D559-78CD-4950-AE66-F0937293AF89}"
EndProject
Global
	GlobalSection(SolutionConfigurationPlatforms) = preSolution
		Debug|Any CPU = Debug|Any CPU
		Release|Any CPU = Release|Any CPU
	EndGlobalSection
	GlobalSection(ProjectConfigurationPlatforms) = postSolution
		{81C0D559-78CD-4950-AE66-F0937293AF89}.Debug|Any CPU.ActiveCfg = Debug|Any CPU
		{81C0D559-78CD-4950-AE66-F0937293AF89}.Debug|Any CPU.Build.0 = Debug|Any CPU
		{81C0D559-78CD-4950-AE66-F0937293AF89}.Release|Any CPU.ActiveCfg = Release|Any CPU
		{81C0D559-78CD-4950-AE66-F0937293AF89}.Release|Any CPU.Build.0 = Release|Any CPU
	EndGlobalSection
	GlobalSection(SolutionProperties) = preSolution
		HideSolutionNode = FALSE
	EndGlobalSection
	GlobalSection(ExtensibilityGlobals) = postSolution
		SolutionGuid = {8AE0DCAF-102E-41E6-B5B9-C190A66A5040}
	EndGlobalSection
EndGlobal
